
Microsoft Visual Studio Solution File, Format Version 12.00
# Visual Studio Version 17
VisualStudioVersion = 17.9.34607.119
MinimumVisualStudioVersion = 10.0.40219.1
Project("{9A19103F-16F7-4668-BE54-9A1E7A4F7556}") = "QuantumSecure", "QuantumSecure.csproj", "{97B7A2F8-A6B2-4526-B467-DCCB6509E848}"
EndProject
Project("{9A19103F-16F7-4668-BE54-9A1E7A4F7556}") = "NetworkMonitor-Maui", "..\NetworkMonitor\NetworkMonitor-Maui.csproj", "{C43538BE-F111-4A85-BB73-5E2F7A24006C}"
EndProject
Project("{9A19103F-16F7-4668-BE54-9A1E7A4F7556}") = "NetworkMonitorProcessor-Maui", "..\NetworkMonitorProcessor\NetworkMonitorProcessor-Maui.csproj", "{CECFC27F-96EE-48E5-BE44-93ACB265FD89}"
EndProject
Global
	GlobalSection(SolutionConfigurationPlatforms) = preSolution
		Debug|Any CPU = Debug|Any CPU
		Release|Any CPU = Release|Any CPU
	EndGlobalSection
	GlobalSection(ProjectConfigurationPlatforms) = postSolution
		{97B7A2F8-A6B2-4526-B467-DCCB6509E848}.Debug|Any CPU.ActiveCfg = Debug|Any CPU
		{97B7A2F8-A6B2-4526-B467-DCCB6509E848}.Debug|Any CPU.Build.0 = Debug|Any CPU
		{97B7A2F8-A6B2-4526-B467-DCCB6509E848}.Debug|Any CPU.Deploy.0 = Debug|Any CPU
		{97B7A2F8-A6B2-4526-B467-DCCB6509E848}.Release|Any CPU.ActiveCfg = Release|Any CPU
		{97B7A2F8-A6B2-4526-B467-DCCB6509E848}.Release|Any CPU.Build.0 = Release|Any CPU
		{97B7A2F8-A6B2-4526-B467-DCCB6509E848}.Release|Any CPU.Deploy.0 = Release|Any CPU
		{C43538BE-F111-4A85-BB73-5E2F7A24006C}.Debug|Any CPU.ActiveCfg = Debug|Any CPU
		{C43538BE-F111-4A85-BB73-5E2F7A24006C}.Debug|Any CPU.Build.0 = Debug|Any CPU
		{C43538BE-F111-4A85-BB73-5E2F7A24006C}.Release|Any CPU.ActiveCfg = Release|Any CPU
		{C43538BE-F111-4A85-BB73-5E2F7A24006C}.Release|Any CPU.Build.0 = Release|Any CPU
		{CECFC27F-96EE-48E5-BE44-93ACB265FD89}.Debug|Any CPU.ActiveCfg = Debug|Any CPU
		{CECFC27F-96EE-48E5-BE44-93ACB265FD89}.Debug|Any CPU.Build.0 = Debug|Any CPU
		{CECFC27F-96EE-48E5-BE44-93ACB265FD89}.Release|Any CPU.ActiveCfg = Release|Any CPU
		{CECFC27F-96EE-48E5-BE44-93ACB265FD89}.Release|Any CPU.Build.0 = Release|Any CPU
	EndGlobalSection
	GlobalSection(SolutionProperties) = preSolution
		HideSolutionNode = FALSE
	EndGlobalSection
	GlobalSection(ExtensibilityGlobals) = postSolution
		SolutionGuid = {39E39681-3604-4738-8FB0-C32981467107}
	EndGlobalSection
EndGlobal
