
Microsoft Visual Studio Solution File, Format Version 12.00
# Visual Studio Version 17
VisualStudioVersion = 17.10.35004.147
MinimumVisualStudioVersion = 10.0.40219.1
Project("{9A19103F-16F7-4668-BE54-9A1E7A4F7556}") = "NetworkMonitorQuantumSecure", "NetworkMonitorQuantumSecure.csproj", "{4CFD3135-90D9-43D8-9FA7-56787BBAC2BB}"
EndProject
Project("{9A19103F-16F7-4668-BE54-9A1E7A4F7556}") = "NetworkMonitorProcessor-Maui", "..\NetworkMonitorProcessor\NetworkMonitorProcessor-Maui.csproj", "{2A747F74-B750-4CC7-ACB9-AA6C963396CC}"
EndProject
Project("{FAE04EC0-301F-11D3-BF4B-00C04F79EFBC}") = "NetworkMonitorMaui", "..\NetworkMonitorMaui\NetworkMonitorMaui.csproj", "{6B5EB6E3-5A21-4FDD-8766-D35364B5AD38}"
EndProject
Project("{FAE04EC0-301F-11D3-BF4B-00C04F79EFBC}") = "NetworkMonitor-Maui", "..\NetworkMonitorLib\NetworkMonitor-Maui.csproj", "{74B7BAA5-A048-E25D-7971-44BAEC0AAF3A}"
EndProject
Project("{FAE04EC0-301F-11D3-BF4B-00C04F79EFBC}") = "NetworkMonitorChatRazorLib", "..\NetworkMonitorChatRazorLib\NetworkMonitorChatRazorLib.csproj", "{AC9AFC39-0B70-C2F3-84A9-97C11E6AFA5F}"
EndProject
Project("{2150E333-8FDC-42A3-9474-1A3956D46DE8}") = "Tests", "Tests", "{0AB3BF05-4346-4AA6-1389-037BE0695223}"
EndProject
Project("{FAE04EC0-301F-11D3-BF4B-00C04F79EFBC}") = "NetworkMonitorQuantumSecure.Tests", "Tests\NetworkMonitorQuantumSecure.Tests\NetworkMonitorQuantumSecure.Tests.csproj", "{C991D904-2703-4BA8-861E-F2535D4BB965}"
EndProject
Global
	GlobalSection(SolutionConfigurationPlatforms) = preSolution
		Debug|Any CPU = Debug|Any CPU
		Debug|x64 = Debug|x64
		Debug|x86 = Debug|x86
		Release|Any CPU = Release|Any CPU
		Release|x64 = Release|x64
		Release|x86 = Release|x86
		Release-Dev|Any CPU = Release-Dev|Any CPU
		Release-Dev|x64 = Release-Dev|x64
		Release-Dev|x86 = Release-Dev|x86
	EndGlobalSection
	GlobalSection(ProjectConfigurationPlatforms) = postSolution
		{4CFD3135-90D9-43D8-9FA7-56787BBAC2BB}.Debug|Any CPU.ActiveCfg = Debug|Any CPU
		{4CFD3135-90D9-43D8-9FA7-56787BBAC2BB}.Debug|Any CPU.Build.0 = Debug|Any CPU
		{4CFD3135-90D9-43D8-9FA7-56787BBAC2BB}.Debug|x64.ActiveCfg = Debug|Any CPU
		{4CFD3135-90D9-43D8-9FA7-56787BBAC2BB}.Debug|x64.Build.0 = Debug|Any CPU
		{4CFD3135-90D9-43D8-9FA7-56787BBAC2BB}.Debug|x86.ActiveCfg = Debug|Any CPU
		{4CFD3135-90D9-43D8-9FA7-56787BBAC2BB}.Debug|x86.Build.0 = Debug|Any CPU
		{4CFD3135-90D9-43D8-9FA7-56787BBAC2BB}.Release|Any CPU.ActiveCfg = Release|Any CPU
		{4CFD3135-90D9-43D8-9FA7-56787BBAC2BB}.Release|Any CPU.Build.0 = Release|Any CPU
		{4CFD3135-90D9-43D8-9FA7-56787BBAC2BB}.Release|x64.ActiveCfg = Release|Any CPU
		{4CFD3135-90D9-43D8-9FA7-56787BBAC2BB}.Release|x64.Build.0 = Release|Any CPU
		{4CFD3135-90D9-43D8-9FA7-56787BBAC2BB}.Release|x86.ActiveCfg = Release|Any CPU
		{4CFD3135-90D9-43D8-9FA7-56787BBAC2BB}.Release|x86.Build.0 = Release|Any CPU
		{4CFD3135-90D9-43D8-9FA7-56787BBAC2BB}.Release-Dev|Any CPU.ActiveCfg = Release-Dev|Any CPU
		{4CFD3135-90D9-43D8-9FA7-56787BBAC2BB}.Release-Dev|Any CPU.Build.0 = Release-Dev|Any CPU
		{4CFD3135-90D9-43D8-9FA7-56787BBAC2BB}.Release-Dev|x64.ActiveCfg = Release-Dev|Any CPU
		{4CFD3135-90D9-43D8-9FA7-56787BBAC2BB}.Release-Dev|x64.Build.0 = Release-Dev|Any CPU
		{4CFD3135-90D9-43D8-9FA7-56787BBAC2BB}.Release-Dev|x86.ActiveCfg = Release-Dev|Any CPU
		{4CFD3135-90D9-43D8-9FA7-56787BBAC2BB}.Release-Dev|x86.Build.0 = Release-Dev|Any CPU
		{2A747F74-B750-4CC7-ACB9-AA6C963396CC}.Debug|Any CPU.ActiveCfg = Debug|Any CPU
		{2A747F74-B750-4CC7-ACB9-AA6C963396CC}.Debug|Any CPU.Build.0 = Debug|Any CPU
		{2A747F74-B750-4CC7-ACB9-AA6C963396CC}.Debug|x64.ActiveCfg = Debug|Any CPU
		{2A747F74-B750-4CC7-ACB9-AA6C963396CC}.Debug|x64.Build.0 = Debug|Any CPU
		{2A747F74-B750-4CC7-ACB9-AA6C963396CC}.Debug|x86.ActiveCfg = Debug|Any CPU
		{2A747F74-B750-4CC7-ACB9-AA6C963396CC}.Debug|x86.Build.0 = Debug|Any CPU
		{2A747F74-B750-4CC7-ACB9-AA6C963396CC}.Release|Any CPU.ActiveCfg = Release|Any CPU
		{2A747F74-B750-4CC7-ACB9-AA6C963396CC}.Release|Any CPU.Build.0 = Release|Any CPU
		{2A747F74-B750-4CC7-ACB9-AA6C963396CC}.Release|x64.ActiveCfg = Release|Any CPU
		{2A747F74-B750-4CC7-ACB9-AA6C963396CC}.Release|x64.Build.0 = Release|Any CPU
		{2A747F74-B750-4CC7-ACB9-AA6C963396CC}.Release|x86.ActiveCfg = Release|Any CPU
		{2A747F74-B750-4CC7-ACB9-AA6C963396CC}.Release|x86.Build.0 = Release|Any CPU
		{2A747F74-B750-4CC7-ACB9-AA6C963396CC}.Release-Dev|Any CPU.ActiveCfg = Release-Dev|Any CPU
		{2A747F74-B750-4CC7-ACB9-AA6C963396CC}.Release-Dev|Any CPU.Build.0 = Release-Dev|Any CPU
		{2A747F74-B750-4CC7-ACB9-AA6C963396CC}.Release-Dev|x64.ActiveCfg = Release-Dev|Any CPU
		{2A747F74-B750-4CC7-ACB9-AA6C963396CC}.Release-Dev|x64.Build.0 = Release-Dev|Any CPU
		{2A747F74-B750-4CC7-ACB9-AA6C963396CC}.Release-Dev|x86.ActiveCfg = Release-Dev|Any CPU
		{2A747F74-B750-4CC7-ACB9-AA6C963396CC}.Release-Dev|x86.Build.0 = Release-Dev|Any CPU
		{6B5EB6E3-5A21-4FDD-8766-D35364B5AD38}.Debug|Any CPU.ActiveCfg = Debug|Any CPU
		{6B5EB6E3-5A21-4FDD-8766-D35364B5AD38}.Debug|Any CPU.Build.0 = Debug|Any CPU
		{6B5EB6E3-5A21-4FDD-8766-D35364B5AD38}.Debug|x64.ActiveCfg = Debug|Any CPU
		{6B5EB6E3-5A21-4FDD-8766-D35364B5AD38}.Debug|x64.Build.0 = Debug|Any CPU
		{6B5EB6E3-5A21-4FDD-8766-D35364B5AD38}.Debug|x86.ActiveCfg = Debug|Any CPU
		{6B5EB6E3-5A21-4FDD-8766-D35364B5AD38}.Debug|x86.Build.0 = Debug|Any CPU
		{6B5EB6E3-5A21-4FDD-8766-D35364B5AD38}.Release|Any CPU.ActiveCfg = Release|Any CPU
		{6B5EB6E3-5A21-4FDD-8766-D35364B5AD38}.Release|Any CPU.Build.0 = Release|Any CPU
		{6B5EB6E3-5A21-4FDD-8766-D35364B5AD38}.Release|x64.ActiveCfg = Release|Any CPU
		{6B5EB6E3-5A21-4FDD-8766-D35364B5AD38}.Release|x64.Build.0 = Release|Any CPU
		{6B5EB6E3-5A21-4FDD-8766-D35364B5AD38}.Release|x86.ActiveCfg = Release|Any CPU
		{6B5EB6E3-5A21-4FDD-8766-D35364B5AD38}.Release|x86.Build.0 = Release|Any CPU
		{6B5EB6E3-5A21-4FDD-8766-D35364B5AD38}.Release-Dev|Any CPU.ActiveCfg = Release|Any CPU
		{6B5EB6E3-5A21-4FDD-8766-D35364B5AD38}.Release-Dev|Any CPU.Build.0 = Release|Any CPU
		{6B5EB6E3-5A21-4FDD-8766-D35364B5AD38}.Release-Dev|x64.ActiveCfg = Release-Dev|Any CPU
		{6B5EB6E3-5A21-4FDD-8766-D35364B5AD38}.Release-Dev|x64.Build.0 = Release-Dev|Any CPU
		{6B5EB6E3-5A21-4FDD-8766-D35364B5AD38}.Release-Dev|x86.ActiveCfg = Release-Dev|Any CPU
		{6B5EB6E3-5A21-4FDD-8766-D35364B5AD38}.Release-Dev|x86.Build.0 = Release-Dev|Any CPU
		{74B7BAA5-A048-E25D-7971-44BAEC0AAF3A}.Debug|Any CPU.ActiveCfg = Debug|Any CPU
		{74B7BAA5-A048-E25D-7971-44BAEC0AAF3A}.Debug|Any CPU.Build.0 = Debug|Any CPU
		{74B7BAA5-A048-E25D-7971-44BAEC0AAF3A}.Debug|x64.ActiveCfg = Debug|Any CPU
		{74B7BAA5-A048-E25D-7971-44BAEC0AAF3A}.Debug|x64.Build.0 = Debug|Any CPU
		{74B7BAA5-A048-E25D-7971-44BAEC0AAF3A}.Debug|x86.ActiveCfg = Debug|Any CPU
		{74B7BAA5-A048-E25D-7971-44BAEC0AAF3A}.Debug|x86.Build.0 = Debug|Any CPU
		{74B7BAA5-A048-E25D-7971-44BAEC0AAF3A}.Release|Any CPU.ActiveCfg = Release|Any CPU
		{74B7BAA5-A048-E25D-7971-44BAEC0AAF3A}.Release|Any CPU.Build.0 = Release|Any CPU
		{74B7BAA5-A048-E25D-7971-44BAEC0AAF3A}.Release|x64.ActiveCfg = Release|Any CPU
		{74B7BAA5-A048-E25D-7971-44BAEC0AAF3A}.Release|x64.Build.0 = Release|Any CPU
		{74B7BAA5-A048-E25D-7971-44BAEC0AAF3A}.Release|x86.ActiveCfg = Release|Any CPU
		{74B7BAA5-A048-E25D-7971-44BAEC0AAF3A}.Release|x86.Build.0 = Release|Any CPU
		{74B7BAA5-A048-E25D-7971-44BAEC0AAF3A}.Release-Dev|Any CPU.ActiveCfg = Release|Any CPU
		{74B7BAA5-A048-E25D-7971-44BAEC0AAF3A}.Release-Dev|Any CPU.Build.0 = Release|Any CPU
		{74B7BAA5-A048-E25D-7971-44BAEC0AAF3A}.Release-Dev|x64.ActiveCfg = Release-Dev|Any CPU
		{74B7BAA5-A048-E25D-7971-44BAEC0AAF3A}.Release-Dev|x64.Build.0 = Release-Dev|Any CPU
		{74B7BAA5-A048-E25D-7971-44BAEC0AAF3A}.Release-Dev|x86.ActiveCfg = Release-Dev|Any CPU
		{74B7BAA5-A048-E25D-7971-44BAEC0AAF3A}.Release-Dev|x86.Build.0 = Release-Dev|Any CPU
		{AC9AFC39-0B70-C2F3-84A9-97C11E6AFA5F}.Debug|Any CPU.ActiveCfg = Debug|Any CPU
		{AC9AFC39-0B70-C2F3-84A9-97C11E6AFA5F}.Debug|Any CPU.Build.0 = Debug|Any CPU
		{AC9AFC39-0B70-C2F3-84A9-97C11E6AFA5F}.Debug|x64.ActiveCfg = Debug|Any CPU
		{AC9AFC39-0B70-C2F3-84A9-97C11E6AFA5F}.Debug|x64.Build.0 = Debug|Any CPU
		{AC9AFC39-0B70-C2F3-84A9-97C11E6AFA5F}.Debug|x86.ActiveCfg = Debug|Any CPU
		{AC9AFC39-0B70-C2F3-84A9-97C11E6AFA5F}.Debug|x86.Build.0 = Debug|Any CPU
		{AC9AFC39-0B70-C2F3-84A9-97C11E6AFA5F}.Release|Any CPU.ActiveCfg = Release|Any CPU
		{AC9AFC39-0B70-C2F3-84A9-97C11E6AFA5F}.Release|Any CPU.Build.0 = Release|Any CPU
		{AC9AFC39-0B70-C2F3-84A9-97C11E6AFA5F}.Release|x64.ActiveCfg = Release|Any CPU
		{AC9AFC39-0B70-C2F3-84A9-97C11E6AFA5F}.Release|x64.Build.0 = Release|Any CPU
		{AC9AFC39-0B70-C2F3-84A9-97C11E6AFA5F}.Release|x86.ActiveCfg = Release|Any CPU
		{AC9AFC39-0B70-C2F3-84A9-97C11E6AFA5F}.Release|x86.Build.0 = Release|Any CPU
		{AC9AFC39-0B70-C2F3-84A9-97C11E6AFA5F}.Release-Dev|Any CPU.ActiveCfg = Release|Any CPU
		{AC9AFC39-0B70-C2F3-84A9-97C11E6AFA5F}.Release-Dev|Any CPU.Build.0 = Release|Any CPU
		{AC9AFC39-0B70-C2F3-84A9-97C11E6AFA5F}.Release-Dev|x64.ActiveCfg = Release-Dev|Any CPU
		{AC9AFC39-0B70-C2F3-84A9-97C11E6AFA5F}.Release-Dev|x64.Build.0 = Release-Dev|Any CPU
		{AC9AFC39-0B70-C2F3-84A9-97C11E6AFA5F}.Release-Dev|x86.ActiveCfg = Release-Dev|Any CPU
		{AC9AFC39-0B70-C2F3-84A9-97C11E6AFA5F}.Release-Dev|x86.Build.0 = Release-Dev|Any CPU
		{C991D904-2703-4BA8-861E-F2535D4BB965}.Debug|Any CPU.ActiveCfg = Debug|Any CPU
		{C991D904-2703-4BA8-861E-F2535D4BB965}.Debug|Any CPU.Build.0 = Debug|Any CPU
		{C991D904-2703-4BA8-861E-F2535D4BB965}.Debug|x64.ActiveCfg = Debug|Any CPU
		{C991D904-2703-4BA8-861E-F2535D4BB965}.Debug|x64.Build.0 = Debug|Any CPU
		{C991D904-2703-4BA8-861E-F2535D4BB965}.Debug|x86.ActiveCfg = Debug|Any CPU
		{C991D904-2703-4BA8-861E-F2535D4BB965}.Debug|x86.Build.0 = Debug|Any CPU
		{C991D904-2703-4BA8-861E-F2535D4BB965}.Release|Any CPU.ActiveCfg = Release|Any CPU
		{C991D904-2703-4BA8-861E-F2535D4BB965}.Release|Any CPU.Build.0 = Release|Any CPU
		{C991D904-2703-4BA8-861E-F2535D4BB965}.Release|x64.ActiveCfg = Release|Any CPU
		{C991D904-2703-4BA8-861E-F2535D4BB965}.Release|x64.Build.0 = Release|Any CPU
		{C991D904-2703-4BA8-861E-F2535D4BB965}.Release|x86.ActiveCfg = Release|Any CPU
		{C991D904-2703-4BA8-861E-F2535D4BB965}.Release|x86.Build.0 = Release|Any CPU
		{C991D904-2703-4BA8-861E-F2535D4BB965}.Release-Dev|Any CPU.ActiveCfg = Debug|Any CPU
		{C991D904-2703-4BA8-861E-F2535D4BB965}.Release-Dev|Any CPU.Build.0 = Debug|Any CPU
		{C991D904-2703-4BA8-861E-F2535D4BB965}.Release-Dev|x64.ActiveCfg = Debug|Any CPU
		{C991D904-2703-4BA8-861E-F2535D4BB965}.Release-Dev|x64.Build.0 = Debug|Any CPU
		{C991D904-2703-4BA8-861E-F2535D4BB965}.Release-Dev|x86.ActiveCfg = Debug|Any CPU
		{C991D904-2703-4BA8-861E-F2535D4BB965}.Release-Dev|x86.Build.0 = Debug|Any CPU
	EndGlobalSection
	GlobalSection(SolutionProperties) = preSolution
		HideSolutionNode = FALSE
	EndGlobalSection
	GlobalSection(NestedProjects) = preSolution
		{C991D904-2703-4BA8-861E-F2535D4BB965} = {0AB3BF05-4346-4AA6-1389-037BE0695223}
	EndGlobalSection
	GlobalSection(ExtensibilityGlobals) = postSolution
		SolutionGuid = {ACCABECB-B880-415E-A5F9-21A37319DF0F}
	EndGlobalSection
EndGlobal
